
Microsoft Visual Studio Solution File, Format Version 12.00
# Visual Studio Version 17
VisualStudioVersion = 17.0.31903.59
MinimumVisualStudioVersion = 10.0.40219.1
Project("{FAE04EC0-301F-11D3-BF4B-00C04F79EFBC}") = "기본 문법", "기본 문법\기본 문법.csproj", "{374DBCFD-A1F0-4E5D-BCF6-CE371556A215}"
EndProject
Project("{FAE04EC0-301F-11D3-BF4B-00C04F79EFBC}") = "조건문", "조건문\조건문.csproj", "{2F12F921-3021-4D22-9E5B-114CB68D9DFC}"
EndProject
Project("{FAE04EC0-301F-11D3-BF4B-00C04F79EFBC}") = "반복문", "반복문\반복문.csproj", "{CC2C2EDF-287E-4207-B3EF-870B9A38CE61}"
EndProject
Project("{FAE04EC0-301F-11D3-BF4B-00C04F79EFBC}") = "응용예제", "응용예제\응용예제.csproj", "{AB24B96E-6B87-4C9C-8A18-5955DE47B1A6}"
EndProject
Project("{FAE04EC0-301F-11D3-BF4B-00C04F79EFBC}") = "클래스", "클래스\클래스.csproj", "{4BE50CE3-089B-4287-B723-F0FBC0E7BC77}"
EndProject
Project("{FAE04EC0-301F-11D3-BF4B-00C04F79EFBC}") = "메소드", "메소드\메소드.csproj", "{A6D249EC-03BD-40EA-A10D-2F132A583962}"
EndProject
Project("{FAE04EC0-301F-11D3-BF4B-00C04F79EFBC}") = "상속과다형성", "상속과다형성\상속과다형성.csproj", "{18AC5065-FCF8-48CA-8319-89D934D6BF46}"
EndProject
Project("{FAE04EC0-301F-11D3-BF4B-00C04F79EFBC}") = "인터페이스", "인터페이스\인터페이스.csproj", "{8596C77D-F112-4667-BE7D-40C7416C35EF}"
EndProject
Global
	GlobalSection(SolutionConfigurationPlatforms) = preSolution
		Debug|Any CPU = Debug|Any CPU
		Release|Any CPU = Release|Any CPU
	EndGlobalSection
	GlobalSection(SolutionProperties) = preSolution
		HideSolutionNode = FALSE
	EndGlobalSection
	GlobalSection(ProjectConfigurationPlatforms) = postSolution
		{374DBCFD-A1F0-4E5D-BCF6-CE371556A215}.Debug|Any CPU.ActiveCfg = Debug|Any CPU
		{374DBCFD-A1F0-4E5D-BCF6-CE371556A215}.Debug|Any CPU.Build.0 = Debug|Any CPU
		{374DBCFD-A1F0-4E5D-BCF6-CE371556A215}.Release|Any CPU.ActiveCfg = Release|Any CPU
		{374DBCFD-A1F0-4E5D-BCF6-CE371556A215}.Release|Any CPU.Build.0 = Release|Any CPU
		{2F12F921-3021-4D22-9E5B-114CB68D9DFC}.Debug|Any CPU.ActiveCfg = Debug|Any CPU
		{2F12F921-3021-4D22-9E5B-114CB68D9DFC}.Debug|Any CPU.Build.0 = Debug|Any CPU
		{2F12F921-3021-4D22-9E5B-114CB68D9DFC}.Release|Any CPU.ActiveCfg = Release|Any CPU
		{2F12F921-3021-4D22-9E5B-114CB68D9DFC}.Release|Any CPU.Build.0 = Release|Any CPU
		{CC2C2EDF-287E-4207-B3EF-870B9A38CE61}.Debug|Any CPU.ActiveCfg = Debug|Any CPU
		{CC2C2EDF-287E-4207-B3EF-870B9A38CE61}.Debug|Any CPU.Build.0 = Debug|Any CPU
		{CC2C2EDF-287E-4207-B3EF-870B9A38CE61}.Release|Any CPU.ActiveCfg = Release|Any CPU
		{CC2C2EDF-287E-4207-B3EF-870B9A38CE61}.Release|Any CPU.Build.0 = Release|Any CPU
		{AB24B96E-6B87-4C9C-8A18-5955DE47B1A6}.Debug|Any CPU.ActiveCfg = Debug|Any CPU
		{AB24B96E-6B87-4C9C-8A18-5955DE47B1A6}.Debug|Any CPU.Build.0 = Debug|Any CPU
		{AB24B96E-6B87-4C9C-8A18-5955DE47B1A6}.Release|Any CPU.ActiveCfg = Release|Any CPU
		{AB24B96E-6B87-4C9C-8A18-5955DE47B1A6}.Release|Any CPU.Build.0 = Release|Any CPU
		{4BE50CE3-089B-4287-B723-F0FBC0E7BC77}.Debug|Any CPU.ActiveCfg = Debug|Any CPU
		{4BE50CE3-089B-4287-B723-F0FBC0E7BC77}.Debug|Any CPU.Build.0 = Debug|Any CPU
		{4BE50CE3-089B-4287-B723-F0FBC0E7BC77}.Release|Any CPU.ActiveCfg = Release|Any CPU
		{4BE50CE3-089B-4287-B723-F0FBC0E7BC77}.Release|Any CPU.Build.0 = Release|Any CPU
		{A6D249EC-03BD-40EA-A10D-2F132A583962}.Debug|Any CPU.ActiveCfg = Debug|Any CPU
		{A6D249EC-03BD-40EA-A10D-2F132A583962}.Debug|Any CPU.Build.0 = Debug|Any CPU
		{A6D249EC-03BD-40EA-A10D-2F132A583962}.Release|Any CPU.ActiveCfg = Release|Any CPU
		{A6D249EC-03BD-40EA-A10D-2F132A583962}.Release|Any CPU.Build.0 = Release|Any CPU
		{18AC5065-FCF8-48CA-8319-89D934D6BF46}.Debug|Any CPU.ActiveCfg = Debug|Any CPU
		{18AC5065-FCF8-48CA-8319-89D934D6BF46}.Debug|Any CPU.Build.0 = Debug|Any CPU
		{18AC5065-FCF8-48CA-8319-89D934D6BF46}.Release|Any CPU.ActiveCfg = Release|Any CPU
		{18AC5065-FCF8-48CA-8319-89D934D6BF46}.Release|Any CPU.Build.0 = Release|Any CPU
		{8596C77D-F112-4667-BE7D-40C7416C35EF}.Debug|Any CPU.ActiveCfg = Debug|Any CPU
		{8596C77D-F112-4667-BE7D-40C7416C35EF}.Debug|Any CPU.Build.0 = Debug|Any CPU
		{8596C77D-F112-4667-BE7D-40C7416C35EF}.Release|Any CPU.ActiveCfg = Release|Any CPU
		{8596C77D-F112-4667-BE7D-40C7416C35EF}.Release|Any CPU.Build.0 = Release|Any CPU
	EndGlobalSection
EndGlobal
